
Microsoft Visual Studio Solution File, Format Version 12.00
# Visual Studio Version 16
VisualStudioVersion = 16.0.29911.84
MinimumVisualStudioVersion = 10.0.40219.1
Project("{FAE04EC0-301F-11D3-BF4B-00C04F79EFBC}") = "Client", "Client\Client.csproj", "{87955FDA-3DDD-4C33-8738-C9CB4EA411D5}"
EndProject
Global
	GlobalSection(SolutionConfigurationPlatforms) = preSolution
		Debug|Any CPU = Debug|Any CPU
		Release|Any CPU = Release|Any CPU
	EndGlobalSection
	GlobalSection(ProjectConfigurationPlatforms) = postSolution
		{87955FDA-3DDD-4C33-8738-C9CB4EA411D5}.Debug|Any CPU.ActiveCfg = Debug|Any CPU
		{87955FDA-3DDD-4C33-8738-C9CB4EA411D5}.Debug|Any CPU.Build.0 = Debug|Any CPU
		{87955FDA-3DDD-4C33-8738-C9CB4EA411D5}.Release|Any CPU.ActiveCfg = Release|Any CPU
		{87955FDA-3DDD-4C33-8738-C9CB4EA411D5}.Release|Any CPU.Build.0 = Release|Any CPU
	EndGlobalSection
	GlobalSection(SolutionProperties) = preSolution
		HideSolutionNode = FALSE
	EndGlobalSection
	GlobalSection(ExtensibilityGlobals) = postSolution
		SolutionGuid = {5E40FBA7-FFFF-4E2C-86D6-394EEB710326}
	EndGlobalSection
EndGlobal
