
Microsoft Visual Studio Solution File, Format Version 12.00
# Visual Studio Version 16
VisualStudioVersion = 16.0.29911.84
MinimumVisualStudioVersion = 10.0.40219.1
Project("{FAE04EC0-301F-11D3-BF4B-00C04F79EFBC}") = "Server", "Server\Server.csproj", "{5689D135-EC6D-4EB4-AEF3-C681B89621F9}"
EndProject
Global
	GlobalSection(SolutionConfigurationPlatforms) = preSolution
		Debug|Any CPU = Debug|Any CPU
		Release|Any CPU = Release|Any CPU
	EndGlobalSection
	GlobalSection(ProjectConfigurationPlatforms) = postSolution
		{5689D135-EC6D-4EB4-AEF3-C681B89621F9}.Debug|Any CPU.ActiveCfg = Debug|Any CPU
		{5689D135-EC6D-4EB4-AEF3-C681B89621F9}.Debug|Any CPU.Build.0 = Debug|Any CPU
		{5689D135-EC6D-4EB4-AEF3-C681B89621F9}.Release|Any CPU.ActiveCfg = Release|Any CPU
		{5689D135-EC6D-4EB4-AEF3-C681B89621F9}.Release|Any CPU.Build.0 = Release|Any CPU
	EndGlobalSection
	GlobalSection(SolutionProperties) = preSolution
		HideSolutionNode = FALSE
	EndGlobalSection
	GlobalSection(ExtensibilityGlobals) = postSolution
		SolutionGuid = {3D082EBD-C514-4D7A-A520-0E3AAA451149}
	EndGlobalSection
EndGlobal
